// !$*UTF8*$!
{
	archiveVersion = 1;
	classes = {
	};
	objectVersion = 55;
	objects = {

/* Begin PBXBuildFile section */
		0E04A2DC274D524300206448 /* assembleApp.swift in Sources */ = {isa = PBXBuildFile; fileRef = 0E04A2DB274D524300206448 /* assembleApp.swift */; };
		0E04A2DE274D524300206448 /* ContentView.swift in Sources */ = {isa = PBXBuildFile; fileRef = 0E04A2DD274D524300206448 /* ContentView.swift */; };
		0E04A2E0274D524800206448 /* Assets.xcassets in Resources */ = {isa = PBXBuildFile; fileRef = 0E04A2DF274D524800206448 /* Assets.xcassets */; };
		0E04A2E3274D524800206448 /* Preview Assets.xcassets in Resources */ = {isa = PBXBuildFile; fileRef = 0E04A2E2274D524800206448 /* Preview Assets.xcassets */; };
		0E12D91C274FFD2900CAB094 /* locationButtonView.swift in Sources */ = {isa = PBXBuildFile; fileRef = 0E12D91B274FFD2900CAB094 /* locationButtonView.swift */; };
		0E19E7FA2750CE27007555D2 /* colorPickerView.swift in Sources */ = {isa = PBXBuildFile; fileRef = 0E19E7F92750CE27007555D2 /* colorPickerView.swift */; };
		0E51CE29275FA81E008071C5 /* photoPickerView.swift in Sources */ = {isa = PBXBuildFile; fileRef = 0E51CE28275FA81E008071C5 /* photoPickerView.swift */; };
		0E746D5E275E761A0088F5B7 /* ButtonView.swift in Sources */ = {isa = PBXBuildFile; fileRef = 0E746D5D275E761A0088F5B7 /* ButtonView.swift */; };
		0EE58ECF275215C40086F295 /* swiftUIForm.swift in Sources */ = {isa = PBXBuildFile; fileRef = 0EE58ECE275215C40086F295 /* swiftUIForm.swift */; };
		0EF457CC274E37B000E77558 /* mapUserLocationView.swift in Sources */ = {isa = PBXBuildFile; fileRef = 0EF457CB274E37B000E77558 /* mapUserLocationView.swift */; };
/* End PBXBuildFile section */

/* Begin PBXFileReference section */
		0E04A2D8274D524300206448 /* assemble.app */ = {isa = PBXFileReference; explicitFileType = wrapper.application; includeInIndex = 0; path = assemble.app; sourceTree = BUILT_PRODUCTS_DIR; };
		0E04A2DB274D524300206448 /* assembleApp.swift */ = {isa = PBXFileReference; lastKnownFileType = sourcecode.swift; path = assembleApp.swift; sourceTree = "<group>"; };
		0E04A2DD274D524300206448 /* ContentView.swift */ = {isa = PBXFileReference; lastKnownFileType = sourcecode.swift; path = ContentView.swift; sourceTree = "<group>"; };
		0E04A2DF274D524800206448 /* Assets.xcassets */ = {isa = PBXFileReference; lastKnownFileType = folder.assetcatalog; path = Assets.xcassets; sourceTree = "<group>"; };
		0E04A2E2274D524800206448 /* Preview Assets.xcassets */ = {isa = PBXFileReference; lastKnownFileType = folder.assetcatalog; path = "Preview Assets.xcassets"; sourceTree = "<group>"; };
		0E12D91B274FFD2900CAB094 /* locationButtonView.swift */ = {isa = PBXFileReference; lastKnownFileType = sourcecode.swift; path = locationButtonView.swift; sourceTree = "<group>"; };
		0E19E7F92750CE27007555D2 /* colorPickerView.swift */ = {isa = PBXFileReference; lastKnownFileType = sourcecode.swift; path = colorPickerView.swift; sourceTree = "<group>"; };
		0E51CE28275FA81E008071C5 /* photoPickerView.swift */ = {isa = PBXFileReference; lastKnownFileType = sourcecode.swift; path = photoPickerView.swift; sourceTree = "<group>"; };
		0E746D5D275E761A0088F5B7 /* ButtonView.swift */ = {isa = PBXFileReference; lastKnownFileType = sourcecode.swift; path = ButtonView.swift; sourceTree = "<group>"; };
		0EE58ECE275215C40086F295 /* swiftUIForm.swift */ = {isa = PBXFileReference; lastKnownFileType = sourcecode.swift; path = swiftUIForm.swift; sourceTree = "<group>"; };
		0EF457CB274E37B000E77558 /* mapUserLocationView.swift */ = {isa = PBXFileReference; lastKnownFileType = sourcecode.swift; path = mapUserLocationView.swift; sourceTree = "<group>"; };
/* End PBXFileReference section */

/* Begin PBXFrameworksBuildPhase section */
		0E04A2D5274D524300206448 /* Frameworks */ = {
			isa = PBXFrameworksBuildPhase;
			buildActionMask = 2147483647;
			files = (
			);
			runOnlyForDeploymentPostprocessing = 0;
		};
/* End PBXFrameworksBuildPhase section */

/* Begin PBXGroup section */
		0E04A2CF274D524300206448 = {
			isa = PBXGroup;
			children = (
				0E04A2DA274D524300206448 /* assemble */,
				0E04A2D9274D524300206448 /* Products */,
			);
			sourceTree = "<group>";
		};
		0E04A2D9274D524300206448 /* Products */ = {
			isa = PBXGroup;
			children = (
				0E04A2D8274D524300206448 /* assemble.app */,
			);
			name = Products;
			sourceTree = "<group>";
		};
		0E04A2DA274D524300206448 /* assemble */ = {
			isa = PBXGroup;
			children = (
				0E04A2DB274D524300206448 /* assembleApp.swift */,
				0E04A2DD274D524300206448 /* ContentView.swift */,
				0E04A2DF274D524800206448 /* Assets.xcassets */,
				0E04A2E1274D524800206448 /* Preview Content */,
				0EF457CB274E37B000E77558 /* mapUserLocationView.swift */,
				0E12D91B274FFD2900CAB094 /* locationButtonView.swift */,
				0E19E7F92750CE27007555D2 /* colorPickerView.swift */,
				0EE58ECE275215C40086F295 /* swiftUIForm.swift */,
				0E746D5D275E761A0088F5B7 /* ButtonView.swift */,
				0E51CE28275FA81E008071C5 /* photoPickerView.swift */,
			);
			path = assemble;
			sourceTree = "<group>";
		};
		0E04A2E1274D524800206448 /* Preview Content */ = {
			isa = PBXGroup;
			children = (
				0E04A2E2274D524800206448 /* Preview Assets.xcassets */,
			);
			path = "Preview Content";
			sourceTree = "<group>";
		};
/* End PBXGroup section */

/* Begin PBXNativeTarget section */
		0E04A2D7274D524300206448 /* assemble */ = {
			isa = PBXNativeTarget;
			buildConfigurationList = 0E04A2E6274D524800206448 /* Build configuration list for PBXNativeTarget "assemble" */;
			buildPhases = (
				0E04A2D4274D524300206448 /* Sources */,
				0E04A2D5274D524300206448 /* Frameworks */,
				0E04A2D6274D524300206448 /* Resources */,
			);
			buildRules = (
			);
			dependencies = (
			);
			name = assemble;
			productName = assemble;
			productReference = 0E04A2D8274D524300206448 /* assemble.app */;
			productType = "com.apple.product-type.application";
		};
/* End PBXNativeTarget section */

/* Begin PBXProject section */
		0E04A2D0274D524300206448 /* Project object */ = {
			isa = PBXProject;
			attributes = {
				BuildIndependentTargetsInParallel = 1;
				LastSwiftUpdateCheck = 1310;
				LastUpgradeCheck = 1310;
				TargetAttributes = {
					0E04A2D7274D524300206448 = {
						CreatedOnToolsVersion = 13.1;
					};
				};
			};
			buildConfigurationList = 0E04A2D3274D524300206448 /* Build configuration list for PBXProject "assemble" */;
			compatibilityVersion = "Xcode 13.0";
			developmentRegion = en;
			hasScannedForEncodings = 0;
			knownRegions = (
				en,
				Base,
			);
			mainGroup = 0E04A2CF274D524300206448;
			productRefGroup = 0E04A2D9274D524300206448 /* Products */;
			projectDirPath = "";
			projectRoot = "";
			targets = (
				0E04A2D7274D524300206448 /* assemble */,
			);
		};
/* End PBXProject section */

/* Begin PBXResourcesBuildPhase section */
		0E04A2D6274D524300206448 /* Resources */ = {
			isa = PBXResourcesBuildPhase;
			buildActionMask = 2147483647;
			files = (
				0E04A2E3274D524800206448 /* Preview Assets.xcassets in Resources */,
				0E04A2E0274D524800206448 /* Assets.xcassets in Resources */,
			);
			runOnlyForDeploymentPostprocessing = 0;
		};
/* End PBXResourcesBuildPhase section */

/* Begin PBXSourcesBuildPhase section */
		0E04A2D4274D524300206448 /* Sources */ = {
			isa = PBXSourcesBuildPhase;
			buildActionMask = 2147483647;
			files = (
				0EF457CC274E37B000E77558 /* mapUserLocationView.swift in Sources */,
				0EE58ECF275215C40086F295 /* swiftUIForm.swift in Sources */,
				0E04A2DE274D524300206448 /* ContentView.swift in Sources */,
				0E51CE29275FA81E008071C5 /* photoPickerView.swift in Sources */,
				0E19E7FA2750CE27007555D2 /* colorPickerView.swift in Sources */,
				0E04A2DC274D524300206448 /* assembleApp.swift in Sources */,
				0E12D91C274FFD2900CAB094 /* locationButtonView.swift in Sources */,
				0E746D5E275E761A0088F5B7 /* ButtonView.swift in Sources */,
			);
			runOnlyForDeploymentPostprocessing = 0;
		};
/* End PBXSourcesBuildPhase section */

/* Begin XCBuildConfiguration section */
		0E04A2E4274D524800206448 /* Debug */ = {
			isa = XCBuildConfiguration;
			buildSettings = {
				ALWAYS_SEARCH_USER_PATHS = NO;
				CLANG_ANALYZER_NONNULL = YES;
				CLANG_ANALYZER_NUMBER_OBJECT_CONVERSION = YES_AGGRESSIVE;
				CLANG_CXX_LANGUAGE_STANDARD = "gnu++17";
				CLANG_CXX_LIBRARY = "libc++";
				CLANG_ENABLE_MODULES = YES;
				CLANG_ENABLE_OBJC_ARC = YES;
				CLANG_ENABLE_OBJC_WEAK = YES;
				CLANG_WARN_BLOCK_CAPTURE_AUTORELEASING = YES;
				CLANG_WARN_BOOL_CONVERSION = YES;
				CLANG_WARN_COMMA = YES;
				CLANG_WARN_CONSTANT_CONVERSION = YES;
				CLANG_WARN_DEPRECATED_OBJC_IMPLEMENTATIONS = YES;
				CLANG_WARN_DIRECT_OBJC_ISA_USAGE = YES_ERROR;
				CLANG_WARN_DOCUMENTATION_COMMENTS = YES;
				CLANG_WARN_EMPTY_BODY = YES;
				CLANG_WARN_ENUM_CONVERSION = YES;
				CLANG_WARN_INFINITE_RECURSION = YES;
				CLANG_WARN_INT_CONVERSION = YES;
				CLANG_WARN_NON_LITERAL_NULL_CONVERSION = YES;
				CLANG_WARN_OBJC_IMPLICIT_RETAIN_SELF = YES;
				CLANG_WARN_OBJC_LITERAL_CONVERSION = YES;
				CLANG_WARN_OBJC_ROOT_CLASS = YES_ERROR;
				CLANG_WARN_QUOTED_INCLUDE_IN_FRAMEWORK_HEADER = YES;
				CLANG_WARN_RANGE_LOOP_ANALYSIS = YES;
				CLANG_WARN_STRICT_PROTOTYPES = YES;
				CLANG_WARN_SUSPICIOUS_MOVE = YES;
				CLANG_WARN_UNGUARDED_AVAILABILITY = YES_AGGRESSIVE;
				CLANG_WARN_UNREACHABLE_CODE = YES;
				CLANG_WARN__DUPLICATE_METHOD_MATCH = YES;
				COPY_PHASE_STRIP = NO;
				DEBUG_INFORMATION_FORMAT = dwarf;
				ENABLE_STRICT_OBJC_MSGSEND = YES;
				ENABLE_TESTABILITY = YES;
				GCC_C_LANGUAGE_STANDARD = gnu11;
				GCC_DYNAMIC_NO_PIC = NO;
				GCC_NO_COMMON_BLOCKS = YES;
				GCC_OPTIMIZATION_LEVEL = 0;
				GCC_PREPROCESSOR_DEFINITIONS = (
					"DEBUG=1",
					"$(inherited)",
				);
				GCC_WARN_64_TO_32_BIT_CONVERSION = YES;
				GCC_WARN_ABOUT_RETURN_TYPE = YES_ERROR;
				GCC_WARN_UNDECLARED_SELECTOR = YES;
				GCC_WARN_UNINITIALIZED_AUTOS = YES_AGGRESSIVE;
				GCC_WARN_UNUSED_FUNCTION = YES;
				GCC_WARN_UNUSED_VARIABLE = YES;
				IPHONEOS_DEPLOYMENT_TARGET = 15.0;
				MTL_ENABLE_DEBUG_INFO = INCLUDE_SOURCE;
				MTL_FAST_MATH = YES;
				ONLY_ACTIVE_ARCH = YES;
				SDKROOT = iphoneos;
				SWIFT_ACTIVE_COMPILATION_CONDITIONS = DEBUG;
				SWIFT_OPTIMIZATION_LEVEL = "-Onone";
			};
			name = Debug;
		};
		0E04A2E5274D524800206448 /* Release */ = {
			isa = XCBuildConfiguration;
			buildSettings = {
				ALWAYS_SEARCH_USER_PATHS = NO;
				CLANG_ANALYZER_NONNULL = YES;
				CLANG_ANALYZER_NUMBER_OBJECT_CONVERSION = YES_AGGRESSIVE;
				CLANG_CXX_LANGUAGE_STANDARD = "gnu++17";
				CLANG_CXX_LIBRARY = "libc++";
				CLANG_ENABLE_MODULES = YES;
				CLANG_ENABLE_OBJC_ARC = YES;
				CLANG_ENABLE_OBJC_WEAK = YES;
				CLANG_WARN_BLOCK_CAPTURE_AUTORELEASING = YES;
				CLANG_WARN_BOOL_CONVERSION = YES;
				CLANG_WARN_COMMA = YES;
				CLANG_WARN_CONSTANT_CONVERSION = YES;
				CLANG_WARN_DEPRECATED_OBJC_IMPLEMENTATIONS = YES;
				CLANG_WARN_DIRECT_OBJC_ISA_USAGE = YES_ERROR;
				CLANG_WARN_DOCUMENTATION_COMMENTS = YES;
				CLANG_WARN_EMPTY_BODY = YES;
				CLANG_WARN_ENUM_CONVERSION = YES;
				CLANG_WARN_INFINITE_RECURSION = YES;
				CLANG_WARN_INT_CONVERSION = YES;
				CLANG_WARN_NON_LITERAL_NULL_CONVERSION = YES;
				CLANG_WARN_OBJC_IMPLICIT_RETAIN_SELF = YES;
				CLANG_WARN_OBJC_LITERAL_CONVERSION = YES;
				CLANG_WARN_OBJC_ROOT_CLASS = YES_ERROR;
				CLANG_WARN_QUOTED_INCLUDE_IN_FRAMEWORK_HEADER = YES;
				CLANG_WARN_RANGE_LOOP_ANALYSIS = YES;
				CLANG_WARN_STRICT_PROTOTYPES = YES;
				CLANG_WARN_SUSPICIOUS_MOVE = YES;
				CLANG_WARN_UNGUARDED_AVAILABILITY = YES_AGGRESSIVE;
				CLANG_WARN_UNREACHABLE_CODE = YES;
				CLANG_WARN__DUPLICATE_METHOD_MATCH = YES;
				COPY_PHASE_STRIP = NO;
				DEBUG_INFORMATION_FORMAT = "dwarf-with-dsym";
				ENABLE_NS_ASSERTIONS = NO;
				ENABLE_STRICT_OBJC_MSGSEND = YES;
				GCC_C_LANGUAGE_STANDARD = gnu11;
				GCC_NO_COMMON_BLOCKS = YES;
				GCC_WARN_64_TO_32_BIT_CONVERSION = YES;
				GCC_WARN_ABOUT_RETURN_TYPE = YES_ERROR;
				GCC_WARN_UNDECLARED_SELECTOR = YES;
				GCC_WARN_UNINITIALIZED_AUTOS = YES_AGGRESSIVE;
				GCC_WARN_UNUSED_FUNCTION = YES;
				GCC_WARN_UNUSED_VARIABLE = YES;
				IPHONEOS_DEPLOYMENT_TARGET = 15.0;
				MTL_ENABLE_DEBUG_INFO = NO;
				MTL_FAST_MATH = YES;
				SDKROOT = iphoneos;
				SWIFT_COMPILATION_MODE = wholemodule;
				SWIFT_OPTIMIZATION_LEVEL = "-O";
				VALIDATE_PRODUCT = YES;
			};
			name = Release;
		};
		0E04A2E7274D524800206448 /* Debug */ = {
			isa = XCBuildConfiguration;
			buildSettings = {
				ASSETCATALOG_COMPILER_APPICON_NAME = AppIcon;
				ASSETCATALOG_COMPILER_GLOBAL_ACCENT_COLOR_NAME = AccentColor;
				CODE_SIGN_STYLE = Automatic;
				CURRENT_PROJECT_VERSION = 1;
				DEVELOPMENT_ASSET_PATHS = "\"assemble/Preview Content\"";
				DEVELOPMENT_TEAM = RQ97K4HBS3;
				ENABLE_PREVIEWS = YES;
				GENERATE_INFOPLIST_FILE = YES;
				INFOPLIST_KEY_NSLocationWhenInUseUsageDescription = "This app needs your locastion to show it on the map.";
				INFOPLIST_KEY_UIApplicationSceneManifest_Generation = YES;
				INFOPLIST_KEY_UIApplicationSupportsIndirectInputEvents = YES;
				INFOPLIST_KEY_UILaunchScreen_Generation = YES;
				INFOPLIST_KEY_UISupportedInterfaceOrientations_iPad = "UIInterfaceOrientationPortrait UIInterfaceOrientationPortraitUpsideDown UIInterfaceOrientationLandscapeLeft UIInterfaceOrientationLandscapeRight";
				INFOPLIST_KEY_UISupportedInterfaceOrientations_iPhone = "UIInterfaceOrientationPortrait UIInterfaceOrientationLandscapeLeft UIInterfaceOrientationLandscapeRight";
				LD_RUNPATH_SEARCH_PATHS = (
					"$(inherited)",
					"@executable_path/Frameworks",
				);
				MARKETING_VERSION = 1.0;
				PRODUCT_BUNDLE_IDENTIFIER = com.anant.assemble;
				PRODUCT_NAME = "$(TARGET_NAME)";
				SWIFT_EMIT_LOC_STRINGS = YES;
				SWIFT_VERSION = 5.0;
				TARGETED_DEVICE_FAMILY = "1,2";
			};
			name = Debug;
		};
		0E04A2E8274D524800206448 /* Release */ = {
			isa = XCBuildConfiguration;
			buildSettings = {
				ASSETCATALOG_COMPILER_APPICON_NAME = AppIcon;
				ASSETCATALOG_COMPILER_GLOBAL_ACCENT_COLOR_NAME = AccentColor;
				CODE_SIGN_STYLE = Automatic;
				CURRENT_PROJECT_VERSION = 1;
				DEVELOPMENT_ASSET_PATHS = "\"assemble/Preview Content\"";
				DEVELOPMENT_TEAM = RQ97K4HBS3;
				ENABLE_PREVIEWS = YES;
				GENERATE_INFOPLIST_FILE = YES;
				INFOPLIST_KEY_NSLocationWhenInUseUsageDescription = "This app needs your locastion to show it on the map.";
				INFOPLIST_KEY_UIApplicationSceneManifest_Generation = YES;
				INFOPLIST_KEY_UIApplicationSupportsIndirectInputEvents = YES;
				INFOPLIST_KEY_UILaunchScreen_Generation = YES;
				INFOPLIST_KEY_UISupportedInterfaceOrientations_iPad = "UIInterfaceOrientationPortrait UIInterfaceOrientationPortraitUpsideDown UIInterfaceOrientationLandscapeLeft UIInterfaceOrientationLandscapeRight";
				INFOPLIST_KEY_UISupportedInterfaceOrientations_iPhone = "UIInterfaceOrientationPortrait UIInterfaceOrientationLandscapeLeft UIInterfaceOrientationLandscapeRight";
				LD_RUNPATH_SEARCH_PATHS = (
					"$(inherited)",
					"@executable_path/Frameworks",
				);
				MARKETING_VERSION = 1.0;
				PRODUCT_BUNDLE_IDENTIFIER = com.anant.assemble;
				PRODUCT_NAME = "$(TARGET_NAME)";
				SWIFT_EMIT_LOC_STRINGS = YES;
				SWIFT_VERSION = 5.0;
				TARGETED_DEVICE_FAMILY = "1,2";
			};
			name = Release;
		};
/* End XCBuildConfiguration section */

/* Begin XCConfigurationList section */
		0E04A2D3274D524300206448 /* Build configuration list for PBXProject "assemble" */ = {
			isa = XCConfigurationList;
			buildConfigurations = (
				0E04A2E4274D524800206448 /* Debug */,
				0E04A2E5274D524800206448 /* Release */,
			);
			defaultConfigurationIsVisible = 0;
			defaultConfigurationName = Release;
		};
		0E04A2E6274D524800206448 /* Build configuration list for PBXNativeTarget "assemble" */ = {
			isa = XCConfigurationList;
			buildConfigurations = (
				0E04A2E7274D524800206448 /* Debug */,
				0E04A2E8274D524800206448 /* Release */,
			);
			defaultConfigurationIsVisible = 0;
			defaultConfigurationName = Release;
		};
/* End XCConfigurationList section */
	};
	rootObject = 0E04A2D0274D524300206448 /* Project object */;
}
